
Microsoft Visual Studio Solution File, Format Version 12.00
# Visual Studio Version 17
VisualStudioVersion = 17.11.35327.3
MinimumVisualStudioVersion = 10.0.40219.1
Project("{FAE04EC0-301F-11D3-BF4B-00C04F79EFBC}") = "Internship-4-MarketplaceApp", "Internship-4-MarketplaceApp\Internship-4-MarketplaceApp.csproj", "{1F48EED6-DFF6-428A-81D3-481E858A5C09}"
EndProject
Global
	GlobalSection(SolutionConfigurationPlatforms) = preSolution
		Debug|Any CPU = Debug|Any CPU
		Release|Any CPU = Release|Any CPU
	EndGlobalSection
	GlobalSection(ProjectConfigurationPlatforms) = postSolution
		{1F48EED6-DFF6-428A-81D3-481E858A5C09}.Debug|Any CPU.ActiveCfg = Debug|Any CPU
		{1F48EED6-DFF6-428A-81D3-481E858A5C09}.Debug|Any CPU.Build.0 = Debug|Any CPU
		{1F48EED6-DFF6-428A-81D3-481E858A5C09}.Release|Any CPU.ActiveCfg = Release|Any CPU
		{1F48EED6-DFF6-428A-81D3-481E858A5C09}.Release|Any CPU.Build.0 = Release|Any CPU
	EndGlobalSection
	GlobalSection(SolutionProperties) = preSolution
		HideSolutionNode = FALSE
	EndGlobalSection
	GlobalSection(ExtensibilityGlobals) = postSolution
		SolutionGuid = {E7C08FE5-7BC8-43E0-8276-FEC342EBAB80}
	EndGlobalSection
EndGlobal
